
Microsoft Visual Studio Solution File, Format Version 12.00
# Visual Studio Version 17
VisualStudioVersion = 17.14.36623.8
MinimumVisualStudioVersion = 10.0.40219.1
Project("{F184B08F-C81C-45F6-A57F-5ABD9991F28F}") = "Basics_Console", "Basics_Console\Basics_Console.vbproj", "{97B65948-3AF5-4D30-8B27-5416AEA445EE}"
EndProject
Project("{F184B08F-C81C-45F6-A57F-5ABD9991F28F}") = "Basics_WPF", "Basics_WPF\Basics_WPF.vbproj", "{3557D750-5957-4A83-80D1-7A7E0AD3DF03}"
EndProject
Project("{F184B08F-C81C-45F6-A57F-5ABD9991F28F}") = "Basics_Winforms", "Basics_Winforms\Basics_Winforms.vbproj", "{3A86E7CE-B3A1-4EA8-BCB2-B3E386A57F47}"
EndProject
Project("{FAE04EC0-301F-11D3-BF4B-00C04F79EFBC}") = "XProjectionBuilder", "XProjectionBuilder\XProjectionBuilder.csproj", "{6AFE0997-A153-4709-90CD-2571F0272B9C}"
EndProject
Project("{F184B08F-C81C-45F6-A57F-5ABD9991F28F}") = "Samples", "Samples\Samples.vbproj", "{4410F6AE-A9AC-484A-AAC8-DD629C926D01}"
EndProject
Project("{F184B08F-C81C-45F6-A57F-5ABD9991F28F}") = "Build_Error", "Build_Error\Build_Error.vbproj", "{D5B863B5-940F-49FB-8F77-F810EEE6C150}"
EndProject
Global
	GlobalSection(SolutionConfigurationPlatforms) = preSolution
		Debug|Any CPU = Debug|Any CPU
		Debug|x64 = Debug|x64
		Release|Any CPU = Release|Any CPU
		Release|x64 = Release|x64
	EndGlobalSection
	GlobalSection(ProjectConfigurationPlatforms) = postSolution
		{97B65948-3AF5-4D30-8B27-5416AEA445EE}.Debug|Any CPU.ActiveCfg = Debug|Any CPU
		{97B65948-3AF5-4D30-8B27-5416AEA445EE}.Debug|Any CPU.Build.0 = Debug|Any CPU
		{97B65948-3AF5-4D30-8B27-5416AEA445EE}.Debug|x64.ActiveCfg = Debug|Any CPU
		{97B65948-3AF5-4D30-8B27-5416AEA445EE}.Debug|x64.Build.0 = Debug|Any CPU
		{97B65948-3AF5-4D30-8B27-5416AEA445EE}.Release|Any CPU.ActiveCfg = Release|Any CPU
		{97B65948-3AF5-4D30-8B27-5416AEA445EE}.Release|Any CPU.Build.0 = Release|Any CPU
		{97B65948-3AF5-4D30-8B27-5416AEA445EE}.Release|x64.ActiveCfg = Release|Any CPU
		{97B65948-3AF5-4D30-8B27-5416AEA445EE}.Release|x64.Build.0 = Release|Any CPU
		{3557D750-5957-4A83-80D1-7A7E0AD3DF03}.Debug|Any CPU.ActiveCfg = Debug|Any CPU
		{3557D750-5957-4A83-80D1-7A7E0AD3DF03}.Debug|Any CPU.Build.0 = Debug|Any CPU
		{3557D750-5957-4A83-80D1-7A7E0AD3DF03}.Debug|x64.ActiveCfg = Debug|x64
		{3557D750-5957-4A83-80D1-7A7E0AD3DF03}.Debug|x64.Build.0 = Debug|x64
		{3557D750-5957-4A83-80D1-7A7E0AD3DF03}.Release|Any CPU.ActiveCfg = Release|Any CPU
		{3557D750-5957-4A83-80D1-7A7E0AD3DF03}.Release|Any CPU.Build.0 = Release|Any CPU
		{3557D750-5957-4A83-80D1-7A7E0AD3DF03}.Release|x64.ActiveCfg = Release|x64
		{3557D750-5957-4A83-80D1-7A7E0AD3DF03}.Release|x64.Build.0 = Release|x64
		{3A86E7CE-B3A1-4EA8-BCB2-B3E386A57F47}.Debug|Any CPU.ActiveCfg = Debug|Any CPU
		{3A86E7CE-B3A1-4EA8-BCB2-B3E386A57F47}.Debug|Any CPU.Build.0 = Debug|Any CPU
		{3A86E7CE-B3A1-4EA8-BCB2-B3E386A57F47}.Debug|x64.ActiveCfg = Debug|Any CPU
		{3A86E7CE-B3A1-4EA8-BCB2-B3E386A57F47}.Debug|x64.Build.0 = Debug|Any CPU
		{3A86E7CE-B3A1-4EA8-BCB2-B3E386A57F47}.Release|Any CPU.ActiveCfg = Release|Any CPU
		{3A86E7CE-B3A1-4EA8-BCB2-B3E386A57F47}.Release|Any CPU.Build.0 = Release|Any CPU
		{3A86E7CE-B3A1-4EA8-BCB2-B3E386A57F47}.Release|x64.ActiveCfg = Release|Any CPU
		{3A86E7CE-B3A1-4EA8-BCB2-B3E386A57F47}.Release|x64.Build.0 = Release|Any CPU
		{6AFE0997-A153-4709-90CD-2571F0272B9C}.Debug|Any CPU.ActiveCfg = Debug|Any CPU
		{6AFE0997-A153-4709-90CD-2571F0272B9C}.Debug|Any CPU.Build.0 = Debug|Any CPU
		{6AFE0997-A153-4709-90CD-2571F0272B9C}.Debug|x64.ActiveCfg = Debug|Any CPU
		{6AFE0997-A153-4709-90CD-2571F0272B9C}.Debug|x64.Build.0 = Debug|Any CPU
		{6AFE0997-A153-4709-90CD-2571F0272B9C}.Release|Any CPU.ActiveCfg = Release|Any CPU
		{6AFE0997-A153-4709-90CD-2571F0272B9C}.Release|Any CPU.Build.0 = Release|Any CPU
		{6AFE0997-A153-4709-90CD-2571F0272B9C}.Release|x64.ActiveCfg = Release|Any CPU
		{6AFE0997-A153-4709-90CD-2571F0272B9C}.Release|x64.Build.0 = Release|Any CPU
		{4410F6AE-A9AC-484A-AAC8-DD629C926D01}.Debug|Any CPU.ActiveCfg = Debug|Any CPU
		{4410F6AE-A9AC-484A-AAC8-DD629C926D01}.Debug|Any CPU.Build.0 = Debug|Any CPU
		{4410F6AE-A9AC-484A-AAC8-DD629C926D01}.Debug|x64.ActiveCfg = Debug|Any CPU
		{4410F6AE-A9AC-484A-AAC8-DD629C926D01}.Debug|x64.Build.0 = Debug|Any CPU
		{4410F6AE-A9AC-484A-AAC8-DD629C926D01}.Release|Any CPU.ActiveCfg = Release|Any CPU
		{4410F6AE-A9AC-484A-AAC8-DD629C926D01}.Release|Any CPU.Build.0 = Release|Any CPU
		{4410F6AE-A9AC-484A-AAC8-DD629C926D01}.Release|x64.ActiveCfg = Release|Any CPU
		{4410F6AE-A9AC-484A-AAC8-DD629C926D01}.Release|x64.Build.0 = Release|Any CPU
		{D5B863B5-940F-49FB-8F77-F810EEE6C150}.Debug|Any CPU.ActiveCfg = Debug|Any CPU
		{D5B863B5-940F-49FB-8F77-F810EEE6C150}.Debug|Any CPU.Build.0 = Debug|Any CPU
		{D5B863B5-940F-49FB-8F77-F810EEE6C150}.Debug|x64.ActiveCfg = Debug|Any CPU
		{D5B863B5-940F-49FB-8F77-F810EEE6C150}.Debug|x64.Build.0 = Debug|Any CPU
		{D5B863B5-940F-49FB-8F77-F810EEE6C150}.Release|Any CPU.ActiveCfg = Release|Any CPU
		{D5B863B5-940F-49FB-8F77-F810EEE6C150}.Release|Any CPU.Build.0 = Release|Any CPU
		{D5B863B5-940F-49FB-8F77-F810EEE6C150}.Release|x64.ActiveCfg = Release|Any CPU
		{D5B863B5-940F-49FB-8F77-F810EEE6C150}.Release|x64.Build.0 = Release|Any CPU
	EndGlobalSection
	GlobalSection(SolutionProperties) = preSolution
		HideSolutionNode = FALSE
	EndGlobalSection
	GlobalSection(ExtensibilityGlobals) = postSolution
		SolutionGuid = {7D32937F-FC3E-491A-9EAD-C5389B9086DC}
	EndGlobalSection
EndGlobal
